
Microsoft Visual Studio Solution File, Format Version 12.00
# Visual Studio Version 16
VisualStudioVersion = 16.0.32228.343
MinimumVisualStudioVersion = 10.0.40219.1
Project("{2150E333-8FDC-42A3-9474-1A3956D46DE8}") = "Chapter02", "Chapter02", "{8B00C031-172B-4A77-A0AD-9907CFA9FC8F}"
EndProject
Project("{FAE04EC0-301F-11D3-BF4B-00C04F79EFBC}") = "DistanceConverter", "Chapter02\DistanceConverter\DistanceConverter.csproj", "{13001123-3233-4D03-8783-8668D3B21878}"
EndProject
Project("{FAE04EC0-301F-11D3-BF4B-00C04F79EFBC}") = "SelesCalculator", "Chapter02\SelesCalculator\SelesCalculator.csproj", "{4D90CBC0-8BAB-4468-9588-76C611D62A4B}"
EndProject
Project("{FAE04EC0-301F-11D3-BF4B-00C04F79EFBC}") = "Exercise", "Chapter02\Exersise\Exercise.csproj", "{B1DD9755-DBC4-4B38-9436-99AF5A00D21C}"
EndProject
Project("{FAE04EC0-301F-11D3-BF4B-00C04F79EFBC}") = "Exercise2", "Chapter02\Exersise2\Exercise2.csproj", "{B0EAF26D-BFD9-4911-BCD0-E7D4A3503AEF}"
EndProject
Project("{FAE04EC0-301F-11D3-BF4B-00C04F79EFBC}") = "Exercise3", "Chapter02\Exercise3\Exercise3.csproj", "{81943109-CAE0-4176-9EE8-84F0BD8D971F}"
EndProject
Project("{2150E333-8FDC-42A3-9474-1A3956D46DE8}") = "Chapter03", "Chapter03", "{94103F4F-C5AA-4C6F-9841-EDE7DF8B5045}"
EndProject
Project("{FAE04EC0-301F-11D3-BF4B-00C04F79EFBC}") = "Section01", "Chapter03\Section01\Section01.csproj", "{7DF0D20A-F235-4364-9C8C-E47641B86541}"
EndProject
Project("{FAE04EC0-301F-11D3-BF4B-00C04F79EFBC}") = "Exercise01", "Chapter03\Exercise01\Exercise01.csproj", "{67E04789-4022-4F35-B43E-8FA2D49AAC61}"
EndProject
Project("{FAE04EC0-301F-11D3-BF4B-00C04F79EFBC}") = "Section04", "Chapter03\Section04\Section04.csproj", "{EAB0B565-AA47-416C-A8F0-A8BDF8762B63}"
EndProject
Project("{FAE04EC0-301F-11D3-BF4B-00C04F79EFBC}") = "Exercose02", "Chapter03\Exercose02\Exercose02.csproj", "{CDA5F36A-29A7-43A3-B5BE-4A544C49E63A}"
EndProject
Global
	GlobalSection(SolutionConfigurationPlatforms) = preSolution
		Debug|Any CPU = Debug|Any CPU
		Release|Any CPU = Release|Any CPU
	EndGlobalSection
	GlobalSection(ProjectConfigurationPlatforms) = postSolution
		{13001123-3233-4D03-8783-8668D3B21878}.Debug|Any CPU.ActiveCfg = Debug|Any CPU
		{13001123-3233-4D03-8783-8668D3B21878}.Debug|Any CPU.Build.0 = Debug|Any CPU
		{13001123-3233-4D03-8783-8668D3B21878}.Release|Any CPU.ActiveCfg = Release|Any CPU
		{13001123-3233-4D03-8783-8668D3B21878}.Release|Any CPU.Build.0 = Release|Any CPU
		{4D90CBC0-8BAB-4468-9588-76C611D62A4B}.Debug|Any CPU.ActiveCfg = Debug|Any CPU
		{4D90CBC0-8BAB-4468-9588-76C611D62A4B}.Debug|Any CPU.Build.0 = Debug|Any CPU
		{4D90CBC0-8BAB-4468-9588-76C611D62A4B}.Release|Any CPU.ActiveCfg = Release|Any CPU
		{4D90CBC0-8BAB-4468-9588-76C611D62A4B}.Release|Any CPU.Build.0 = Release|Any CPU
		{B1DD9755-DBC4-4B38-9436-99AF5A00D21C}.Debug|Any CPU.ActiveCfg = Debug|Any CPU
		{B1DD9755-DBC4-4B38-9436-99AF5A00D21C}.Debug|Any CPU.Build.0 = Debug|Any CPU
		{B1DD9755-DBC4-4B38-9436-99AF5A00D21C}.Release|Any CPU.ActiveCfg = Release|Any CPU
		{B1DD9755-DBC4-4B38-9436-99AF5A00D21C}.Release|Any CPU.Build.0 = Release|Any CPU
		{B0EAF26D-BFD9-4911-BCD0-E7D4A3503AEF}.Debug|Any CPU.ActiveCfg = Debug|Any CPU
		{B0EAF26D-BFD9-4911-BCD0-E7D4A3503AEF}.Debug|Any CPU.Build.0 = Debug|Any CPU
		{B0EAF26D-BFD9-4911-BCD0-E7D4A3503AEF}.Release|Any CPU.ActiveCfg = Release|Any CPU
		{B0EAF26D-BFD9-4911-BCD0-E7D4A3503AEF}.Release|Any CPU.Build.0 = Release|Any CPU
		{81943109-CAE0-4176-9EE8-84F0BD8D971F}.Debug|Any CPU.ActiveCfg = Debug|Any CPU
		{81943109-CAE0-4176-9EE8-84F0BD8D971F}.Debug|Any CPU.Build.0 = Debug|Any CPU
		{81943109-CAE0-4176-9EE8-84F0BD8D971F}.Release|Any CPU.ActiveCfg = Release|Any CPU
		{81943109-CAE0-4176-9EE8-84F0BD8D971F}.Release|Any CPU.Build.0 = Release|Any CPU
		{7DF0D20A-F235-4364-9C8C-E47641B86541}.Debug|Any CPU.ActiveCfg = Debug|Any CPU
		{7DF0D20A-F235-4364-9C8C-E47641B86541}.Debug|Any CPU.Build.0 = Debug|Any CPU
		{7DF0D20A-F235-4364-9C8C-E47641B86541}.Release|Any CPU.ActiveCfg = Release|Any CPU
		{7DF0D20A-F235-4364-9C8C-E47641B86541}.Release|Any CPU.Build.0 = Release|Any CPU
		{67E04789-4022-4F35-B43E-8FA2D49AAC61}.Debug|Any CPU.ActiveCfg = Debug|Any CPU
		{67E04789-4022-4F35-B43E-8FA2D49AAC61}.Debug|Any CPU.Build.0 = Debug|Any CPU
		{67E04789-4022-4F35-B43E-8FA2D49AAC61}.Release|Any CPU.ActiveCfg = Release|Any CPU
		{67E04789-4022-4F35-B43E-8FA2D49AAC61}.Release|Any CPU.Build.0 = Release|Any CPU
		{EAB0B565-AA47-416C-A8F0-A8BDF8762B63}.Debug|Any CPU.ActiveCfg = Debug|Any CPU
		{EAB0B565-AA47-416C-A8F0-A8BDF8762B63}.Debug|Any CPU.Build.0 = Debug|Any CPU
		{EAB0B565-AA47-416C-A8F0-A8BDF8762B63}.Release|Any CPU.ActiveCfg = Release|Any CPU
		{EAB0B565-AA47-416C-A8F0-A8BDF8762B63}.Release|Any CPU.Build.0 = Release|Any CPU
		{CDA5F36A-29A7-43A3-B5BE-4A544C49E63A}.Debug|Any CPU.ActiveCfg = Debug|Any CPU
		{CDA5F36A-29A7-43A3-B5BE-4A544C49E63A}.Debug|Any CPU.Build.0 = Debug|Any CPU
		{CDA5F36A-29A7-43A3-B5BE-4A544C49E63A}.Release|Any CPU.ActiveCfg = Release|Any CPU
		{CDA5F36A-29A7-43A3-B5BE-4A544C49E63A}.Release|Any CPU.Build.0 = Release|Any CPU
	EndGlobalSection
	GlobalSection(SolutionProperties) = preSolution
		HideSolutionNode = FALSE
	EndGlobalSection
	GlobalSection(NestedProjects) = preSolution
		{13001123-3233-4D03-8783-8668D3B21878} = {8B00C031-172B-4A77-A0AD-9907CFA9FC8F}
		{4D90CBC0-8BAB-4468-9588-76C611D62A4B} = {8B00C031-172B-4A77-A0AD-9907CFA9FC8F}
		{B1DD9755-DBC4-4B38-9436-99AF5A00D21C} = {8B00C031-172B-4A77-A0AD-9907CFA9FC8F}
		{B0EAF26D-BFD9-4911-BCD0-E7D4A3503AEF} = {8B00C031-172B-4A77-A0AD-9907CFA9FC8F}
		{81943109-CAE0-4176-9EE8-84F0BD8D971F} = {8B00C031-172B-4A77-A0AD-9907CFA9FC8F}
		{7DF0D20A-F235-4364-9C8C-E47641B86541} = {94103F4F-C5AA-4C6F-9841-EDE7DF8B5045}
		{67E04789-4022-4F35-B43E-8FA2D49AAC61} = {94103F4F-C5AA-4C6F-9841-EDE7DF8B5045}
		{EAB0B565-AA47-416C-A8F0-A8BDF8762B63} = {94103F4F-C5AA-4C6F-9841-EDE7DF8B5045}
		{CDA5F36A-29A7-43A3-B5BE-4A544C49E63A} = {94103F4F-C5AA-4C6F-9841-EDE7DF8B5045}
	EndGlobalSection
	GlobalSection(ExtensibilityGlobals) = postSolution
		SolutionGuid = {B1EA921C-810E-4716-A75C-C7E515900697}
	EndGlobalSection
EndGlobal
