
Microsoft Visual Studio Solution File, Format Version 12.00
# Visual Studio Version 16
VisualStudioVersion = 16.0.32228.343
MinimumVisualStudioVersion = 10.0.40219.1
Project("{2150E333-8FDC-42A3-9474-1A3956D46DE8}") = "Chapter02", "Chapter02", "{8B00C031-172B-4A77-A0AD-9907CFA9FC8F}"
EndProject
Project("{FAE04EC0-301F-11D3-BF4B-00C04F79EFBC}") = "DistanceConverter", "Chapter02\DistanceConverter\DistanceConverter.csproj", "{13001123-3233-4D03-8783-8668D3B21878}"
EndProject
Project("{FAE04EC0-301F-11D3-BF4B-00C04F79EFBC}") = "SelesCalculator", "Chapter02\SelesCalculator\SelesCalculator.csproj", "{4D90CBC0-8BAB-4468-9588-76C611D62A4B}"
EndProject
Project("{FAE04EC0-301F-11D3-BF4B-00C04F79EFBC}") = "Exercise", "Chapter02\Exersise\Exercise.csproj", "{B1DD9755-DBC4-4B38-9436-99AF5A00D21C}"
EndProject
Project("{FAE04EC0-301F-11D3-BF4B-00C04F79EFBC}") = "Exercise2", "Chapter02\Exersise2\Exercise2.csproj", "{B0EAF26D-BFD9-4911-BCD0-E7D4A3503AEF}"
EndProject
Project("{FAE04EC0-301F-11D3-BF4B-00C04F79EFBC}") = "Exercise3", "Chapter02\Exercise3\Exercise3.csproj", "{81943109-CAE0-4176-9EE8-84F0BD8D971F}"
EndProject
Project("{2150E333-8FDC-42A3-9474-1A3956D46DE8}") = "Chapter03", "Chapter03", "{94103F4F-C5AA-4C6F-9841-EDE7DF8B5045}"
EndProject
Project("{FAE04EC0-301F-11D3-BF4B-00C04F79EFBC}") = "Section01", "Chapter03\Section01\Section01.csproj", "{7DF0D20A-F235-4364-9C8C-E47641B86541}"
EndProject
Project("{FAE04EC0-301F-11D3-BF4B-00C04F79EFBC}") = "Exercise01", "Chapter03\Exercise01\Exercise01.csproj", "{67E04789-4022-4F35-B43E-8FA2D49AAC61}"
EndProject
Project("{FAE04EC0-301F-11D3-BF4B-00C04F79EFBC}") = "Section04", "Chapter03\Section04\Section04.csproj", "{EAB0B565-AA47-416C-A8F0-A8BDF8762B63}"
EndProject
Project("{FAE04EC0-301F-11D3-BF4B-00C04F79EFBC}") = "Exercose02", "Chapter03\Exercose02\Exercose02.csproj", "{CDA5F36A-29A7-43A3-B5BE-4A544C49E63A}"
EndProject
Project("{2150E333-8FDC-42A3-9474-1A3956D46DE8}") = "Chapter04", "Chapter04", "{6C4DB8A2-5218-43BF-9C7B-A286664D325E}"
EndProject
Project("{FAE04EC0-301F-11D3-BF4B-00C04F79EFBC}") = "Exercise01", "Chapter04\Exercise01\Exercise01.csproj", "{29240FBF-E09F-42FC-BB29-75600A972D12}"
EndProject
Project("{FAE04EC0-301F-11D3-BF4B-00C04F79EFBC}") = "Exercise02", "Chapter04\Exercise02\Exercise02.csproj", "{8BE7C3EB-E41D-4361-BFC7-DED41E61E10F}"
EndProject
Project("{2150E333-8FDC-42A3-9474-1A3956D46DE8}") = "Chapter05", "Chapter05", "{B146CADD-5406-44E2-8E0B-38DD7BBE0347}"
EndProject
Project("{FAE04EC0-301F-11D3-BF4B-00C04F79EFBC}") = "Exercise01", "Chapter05\Exercise01\Exercise01.csproj", "{4A5859B2-9B85-4652-96A5-82842C2BCCCC}"
EndProject
Project("{FAE04EC0-301F-11D3-BF4B-00C04F79EFBC}") = "Exercise02", "Chapter05\Exercise02\Exercise02.csproj", "{2C1F63C0-675E-4197-A4CF-39A2E7FA6506}"
EndProject
Project("{FAE04EC0-301F-11D3-BF4B-00C04F79EFBC}") = "Exercise03", "Chapter05\Exercise03\Exercise03.csproj", "{5FEC3ECA-F8BC-4164-AA1E-3C14796075DB}"
EndProject
Project("{FAE04EC0-301F-11D3-BF4B-00C04F79EFBC}") = "Exercise04", "Chapter05\Exercise04\Exercise04.csproj", "{7D09B45A-661C-4C09-9196-5794CB45DE1A}"
EndProject
Project("{2150E333-8FDC-42A3-9474-1A3956D46DE8}") = "Chapter06", "Chapter06", "{D5FFEC97-3BA4-42AD-8706-B0ECE4A04E44}"
EndProject
Project("{FAE04EC0-301F-11D3-BF4B-00C04F79EFBC}") = "Exercise01", "Chapter06\Exercise01\Exercise01.csproj", "{0E2D05C6-C345-4571-A0B4-46EAB1B61FA7}"
EndProject
Project("{FAE04EC0-301F-11D3-BF4B-00C04F79EFBC}") = "Exercise02", "Chapter06\Exercise02\Exercise02.csproj", "{87981800-F83F-4F41-825A-F18CA4EE7F2A}"
EndProject
Project("{2150E333-8FDC-42A3-9474-1A3956D46DE8}") = "FormAppSample", "FormAppSample", "{F563BA5A-1DA0-450A-83E0-C12422ED7EC8}"
EndProject
Project("{FAE04EC0-301F-11D3-BF4B-00C04F79EFBC}") = "Sample0603", "FormAppSample\Sample0603\Sample0603.csproj", "{2B71E79B-461D-42AD-A362-C5E7D19F7518}"
EndProject
Project("{FAE04EC0-301F-11D3-BF4B-00C04F79EFBC}") = "Sample0607", "FormAppSample\Sample0607\Sample0607.csproj", "{E33CDA29-BD2A-4470-B412-AAA5CD46EC91}"
EndProject
Project("{FAE04EC0-301F-11D3-BF4B-00C04F79EFBC}") = "NumberGame", "FormAppSample\NumberGame\NumberGame.csproj", "{912414B1-BB3E-4C60-B7DC-C38DF84B2CD7}"
EndProject
Project("{FAE04EC0-301F-11D3-BF4B-00C04F79EFBC}") = "AddressBook", "FormAppSample\AddressBook\AddressBook.csproj", "{349DEEF8-CA29-4647-90FD-397B3013320E}"
EndProject
Project("{2150E333-8FDC-42A3-9474-1A3956D46DE8}") = "Test202206", "Test202206", "{7098B7A1-6847-4F46-A1C3-196BD4D0365D}"
EndProject
Project("{FAE04EC0-301F-11D3-BF4B-00C04F79EFBC}") = "Test01", "Test202206\TestProject\Test01\Test01.csproj", "{2BFACDC3-F44D-4199-8498-F5C3C4AC0335}"
EndProject
Project("{FAE04EC0-301F-11D3-BF4B-00C04F79EFBC}") = "Test02", "Test202206\TestProject\Test02\Test02.csproj", "{E461C0A8-8900-485C-B520-E929BA33F712}"
EndProject
Project("{2150E333-8FDC-42A3-9474-1A3956D46DE8}") = "Chapter11", "Chapter11", "{AEC33C9F-D8A2-4EFC-B9D3-E9E3ED48F475}"
EndProject
Project("{FAE04EC0-301F-11D3-BF4B-00C04F79EFBC}") = "XmlSample", "Chapter11\XmlSample\XmlSample.csproj", "{66E0E3EE-E29B-42AC-AE15-2B3D83C37DE2}"
EndProject
Project("{FAE04EC0-301F-11D3-BF4B-00C04F79EFBC}") = "RssReader", "Chapter11\RssReader\RssReader.csproj", "{D6E7439A-6D49-4EB7-AECB-31827239921D}"
EndProject
Project("{FAE04EC0-301F-11D3-BF4B-00C04F79EFBC}") = "Exercise01", "Chapter11\Exercise01\Exercise01.csproj", "{D73334C9-380F-48CB-9A8E-557D3BA7BB3E}"
EndProject
Project("{2150E333-8FDC-42A3-9474-1A3956D46DE8}") = "Chapter12", "Chapter12", "{328B878D-EAB1-4685-BA0F-F34D98B12683}"
EndProject
Project("{FAE04EC0-301F-11D3-BF4B-00C04F79EFBC}") = "Section01", "Chapter12\Section01\Section01.csproj", "{38FFAC97-FC2F-4B68-A31B-7E56A388E745}"
EndProject
Project("{FAE04EC0-301F-11D3-BF4B-00C04F79EFBC}") = "Section02", "Chapter12\Section02\Section02.csproj", "{FC95E5E2-1066-44F7-B71F-310A4BDD6251}"
EndProject
Project("{FAE04EC0-301F-11D3-BF4B-00C04F79EFBC}") = "Exercise01", "Chapter12\Exercise01\Exercise01.csproj", "{8A073CA1-A41C-4ED3-B2F0-DEBF297357A8}"
EndProject
Project("{FAE04EC0-301F-11D3-BF4B-00C04F79EFBC}") = "Exercise02", "Chapter12\Exercise02\Exercise02.csproj", "{D36D2618-3546-40D6-AC4F-2FB42E1F5443}"
EndProject
Project("{2150E333-8FDC-42A3-9474-1A3956D46DE8}") = "CarReportSystem", "CarReportSystem", "{02C11A28-C8D8-425A-B928-A9E05343E9DE}"
EndProject
Project("{FAE04EC0-301F-11D3-BF4B-00C04F79EFBC}") = "CarReportSystem", "CarReportSystem\CarReportSystem\CarReportSystem.csproj", "{C818C6F7-3B89-44F9-AA15-14DFBFFFD204}"
EndProject
Project("{2150E333-8FDC-42A3-9474-1A3956D46DE8}") = "DesignPatten", "DesignPatten", "{1ACDB98F-FAC2-4175-9413-4B4AC586FD87}"
EndProject
Project("{FAE04EC0-301F-11D3-BF4B-00C04F79EFBC}") = "SingletonSample", "DesignPattern\SingletonSample\SingletonSample.csproj", "{889DB3BC-ECDE-4DBD-A615-D19684922B17}"
EndProject
Project("{2150E333-8FDC-42A3-9474-1A3956D46DE8}") = "Chapter17", "Chapter17", "{27E1C8D0-D44E-440A-AC73-17FFC0ADCC19}"
EndProject
Project("{FAE04EC0-301F-11D3-BF4B-00C04F79EFBC}") = "Section01", "Chapter17\Section01\Section01.csproj", "{2537F2CF-6578-4FDB-A0F8-7BA8152C8394}"
EndProject
Project("{2150E333-8FDC-42A3-9474-1A3956D46DE8}") = "TemplateMethod", "TemplateMethod", "{49FB5692-DA84-4ED2-8D1E-4EAD77056131}"
EndProject
Project("{FAE04EC0-301F-11D3-BF4B-00C04F79EFBC}") = "TextFileProcessor", "Chapter17\TemplateMethod\TextFileProcessor\TextFileProcessor.csproj", "{FF02E371-045C-47F6-B17C-E060BE0C7DD4}"
EndProject
Project("{FAE04EC0-301F-11D3-BF4B-00C04F79EFBC}") = "LineCounter", "Chapter17\TemplateMethod\LineCounter\LineCounter.csproj", "{74F7268B-0FE0-4CE1-8209-D18B661414AC}"
EndProject
Project("{FAE04EC0-301F-11D3-BF4B-00C04F79EFBC}") = "Exercise01", "Chapter17\Exercise01\Exercise01\Exercise01.csproj", "{3DCE91CD-BD7C-4821-A98C-4D8A6BAF7144}"
EndProject
Project("{2150E333-8FDC-42A3-9474-1A3956D46DE8}") = "Strategy", "Strategy", "{96BC6A44-5517-4ADE-8F09-E28E7E857369}"
EndProject
Project("{FAE04EC0-301F-11D3-BF4B-00C04F79EFBC}") = "DistanceConberter", "Chapter17\Strategy\DistanceConberter\DistanceConberter.csproj", "{7E4AABBB-85CC-4FD1-A4F2-F3140DF5E959}"
EndProject
Project("{2150E333-8FDC-42A3-9474-1A3956D46DE8}") = "ADONET", "ADONET", "{D59D8D4B-2034-4638-A8AF-E232F62DFBD5}"
EndProject
Project("{FAE04EC0-301F-11D3-BF4B-00C04F79EFBC}") = "DataBaseSample", "ADONET\DataBaseSample\DataBaseSample.csproj", "{422B612B-612E-4DFC-A3B5-5791FB23D700}"
EndProject
Project("{FAE04EC0-301F-11D3-BF4B-00C04F79EFBC}") = "AddressBook", "ADONET\AddressBook\AddressBook.csproj", "{33189A2C-F58A-4930-98BD-232E3427463E}"
EndProject
Project("{2150E333-8FDC-42A3-9474-1A3956D46DE8}") = "Chapter13", "Chapter13", "{C5C12C22-963E-46AE-A114-FE014B862CA6}"
EndProject
Project("{FAE04EC0-301F-11D3-BF4B-00C04F79EFBC}") = "SampleEntityFramework", "Chapter13\SampleEntityFramework\SampleEntityFramework.csproj", "{CF6F404C-48FC-47BD-AFC7-788D2B872671}"
EndProject
Project("{2150E333-8FDC-42A3-9474-1A3956D46DE8}") = "Chapter15", "Chapter15", "{00F0B2BD-4ADC-4E52-B988-6EEFC5926A83}"
EndProject
Project("{FAE04EC0-301F-11D3-BF4B-00C04F79EFBC}") = "Chapter15", "Chapter15\Chapter15\Chapter15.csproj", "{9780F59E-EE04-47ED-BCC5-DE7E8341ABA0}"
EndProject
Project("{FAE04EC0-301F-11D3-BF4B-00C04F79EFBC}") = "Exercise1", "Chapter15\Exercise1\Exercise1.csproj", "{47A8751B-1916-453F-B1AD-09837081C8CD}"
EndProject
Project("{2150E333-8FDC-42A3-9474-1A3956D46DE8}") = "WPF", "WPF", "{A50BE5AA-C2CF-441C-8602-7572544E8C5C}"
EndProject
Project("{FAE04EC0-301F-11D3-BF4B-00C04F79EFBC}") = "SampleApplication", "WPF\SampleApplication\SampleApplication.csproj", "{1426DD0A-7CD6-4337-B22F-C63789F64651}"
EndProject
Project("{FAE04EC0-301F-11D3-BF4B-00C04F79EFBC}") = "NumberGame", "WPF\NumberGame\NumberGame.csproj", "{A80971C4-52C2-42A8-A795-E8B6D8F155BB}"
EndProject
Project("{FAE04EC0-301F-11D3-BF4B-00C04F79EFBC}") = "SampleSlider", "WPF\SampleSlider\SampleSlider.csproj", "{5DA89582-6EFB-4188-BDB2-932D5BBDAF45}"
EndProject
Project("{FAE04EC0-301F-11D3-BF4B-00C04F79EFBC}") = "SampleUnitConverter", "WPF\SampleUnitConverter\SampleUnitConverter.csproj", "{CF2DA697-8A39-495E-AE2C-BB3E91A13BE5}"
EndProject
Project("{FAE04EC0-301F-11D3-BF4B-00C04F79EFBC}") = "ColorChecker", "WPF\CollarChecker\ColorChecker.csproj", "{7F08455B-FF19-4C8E-8D57-EBD4FFAF8119}"
EndProject
Project("{2150E333-8FDC-42A3-9474-1A3956D46DE8}") = "Chapter14", "Chapter14", "{BEEBBC73-8D58-4070-8278-FEA5600A7588}"
EndProject
Project("{FAE04EC0-301F-11D3-BF4B-00C04F79EFBC}") = "Section01", "Chapter14\Section01\Section01.csproj", "{4706F77C-A7C7-41AC-81D9-2A3587FA612A}"
EndProject
Project("{FAE04EC0-301F-11D3-BF4B-00C04F79EFBC}") = "WeatherApp", "Chapter14\WeatherApp\WeatherApp.csproj", "{3215D3BF-EB35-41E7-A7F9-50AF0968DAF9}"
EndProject
Global
	GlobalSection(SolutionConfigurationPlatforms) = preSolution
		Debug|Any CPU = Debug|Any CPU
		Release|Any CPU = Release|Any CPU
	EndGlobalSection
	GlobalSection(ProjectConfigurationPlatforms) = postSolution
		{13001123-3233-4D03-8783-8668D3B21878}.Debug|Any CPU.ActiveCfg = Debug|Any CPU
		{13001123-3233-4D03-8783-8668D3B21878}.Debug|Any CPU.Build.0 = Debug|Any CPU
		{13001123-3233-4D03-8783-8668D3B21878}.Release|Any CPU.ActiveCfg = Release|Any CPU
		{13001123-3233-4D03-8783-8668D3B21878}.Release|Any CPU.Build.0 = Release|Any CPU
		{4D90CBC0-8BAB-4468-9588-76C611D62A4B}.Debug|Any CPU.ActiveCfg = Debug|Any CPU
		{4D90CBC0-8BAB-4468-9588-76C611D62A4B}.Debug|Any CPU.Build.0 = Debug|Any CPU
		{4D90CBC0-8BAB-4468-9588-76C611D62A4B}.Release|Any CPU.ActiveCfg = Release|Any CPU
		{4D90CBC0-8BAB-4468-9588-76C611D62A4B}.Release|Any CPU.Build.0 = Release|Any CPU
		{B1DD9755-DBC4-4B38-9436-99AF5A00D21C}.Debug|Any CPU.ActiveCfg = Debug|Any CPU
		{B1DD9755-DBC4-4B38-9436-99AF5A00D21C}.Debug|Any CPU.Build.0 = Debug|Any CPU
		{B1DD9755-DBC4-4B38-9436-99AF5A00D21C}.Release|Any CPU.ActiveCfg = Release|Any CPU
		{B1DD9755-DBC4-4B38-9436-99AF5A00D21C}.Release|Any CPU.Build.0 = Release|Any CPU
		{B0EAF26D-BFD9-4911-BCD0-E7D4A3503AEF}.Debug|Any CPU.ActiveCfg = Debug|Any CPU
		{B0EAF26D-BFD9-4911-BCD0-E7D4A3503AEF}.Debug|Any CPU.Build.0 = Debug|Any CPU
		{B0EAF26D-BFD9-4911-BCD0-E7D4A3503AEF}.Release|Any CPU.ActiveCfg = Release|Any CPU
		{B0EAF26D-BFD9-4911-BCD0-E7D4A3503AEF}.Release|Any CPU.Build.0 = Release|Any CPU
		{81943109-CAE0-4176-9EE8-84F0BD8D971F}.Debug|Any CPU.ActiveCfg = Debug|Any CPU
		{81943109-CAE0-4176-9EE8-84F0BD8D971F}.Debug|Any CPU.Build.0 = Debug|Any CPU
		{81943109-CAE0-4176-9EE8-84F0BD8D971F}.Release|Any CPU.ActiveCfg = Release|Any CPU
		{81943109-CAE0-4176-9EE8-84F0BD8D971F}.Release|Any CPU.Build.0 = Release|Any CPU
		{7DF0D20A-F235-4364-9C8C-E47641B86541}.Debug|Any CPU.ActiveCfg = Debug|Any CPU
		{7DF0D20A-F235-4364-9C8C-E47641B86541}.Debug|Any CPU.Build.0 = Debug|Any CPU
		{7DF0D20A-F235-4364-9C8C-E47641B86541}.Release|Any CPU.ActiveCfg = Release|Any CPU
		{7DF0D20A-F235-4364-9C8C-E47641B86541}.Release|Any CPU.Build.0 = Release|Any CPU
		{67E04789-4022-4F35-B43E-8FA2D49AAC61}.Debug|Any CPU.ActiveCfg = Debug|Any CPU
		{67E04789-4022-4F35-B43E-8FA2D49AAC61}.Debug|Any CPU.Build.0 = Debug|Any CPU
		{67E04789-4022-4F35-B43E-8FA2D49AAC61}.Release|Any CPU.ActiveCfg = Release|Any CPU
		{67E04789-4022-4F35-B43E-8FA2D49AAC61}.Release|Any CPU.Build.0 = Release|Any CPU
		{EAB0B565-AA47-416C-A8F0-A8BDF8762B63}.Debug|Any CPU.ActiveCfg = Debug|Any CPU
		{EAB0B565-AA47-416C-A8F0-A8BDF8762B63}.Debug|Any CPU.Build.0 = Debug|Any CPU
		{EAB0B565-AA47-416C-A8F0-A8BDF8762B63}.Release|Any CPU.ActiveCfg = Release|Any CPU
		{EAB0B565-AA47-416C-A8F0-A8BDF8762B63}.Release|Any CPU.Build.0 = Release|Any CPU
		{CDA5F36A-29A7-43A3-B5BE-4A544C49E63A}.Debug|Any CPU.ActiveCfg = Debug|Any CPU
		{CDA5F36A-29A7-43A3-B5BE-4A544C49E63A}.Debug|Any CPU.Build.0 = Debug|Any CPU
		{CDA5F36A-29A7-43A3-B5BE-4A544C49E63A}.Release|Any CPU.ActiveCfg = Release|Any CPU
		{CDA5F36A-29A7-43A3-B5BE-4A544C49E63A}.Release|Any CPU.Build.0 = Release|Any CPU
		{29240FBF-E09F-42FC-BB29-75600A972D12}.Debug|Any CPU.ActiveCfg = Debug|Any CPU
		{29240FBF-E09F-42FC-BB29-75600A972D12}.Debug|Any CPU.Build.0 = Debug|Any CPU
		{29240FBF-E09F-42FC-BB29-75600A972D12}.Release|Any CPU.ActiveCfg = Release|Any CPU
		{29240FBF-E09F-42FC-BB29-75600A972D12}.Release|Any CPU.Build.0 = Release|Any CPU
		{8BE7C3EB-E41D-4361-BFC7-DED41E61E10F}.Debug|Any CPU.ActiveCfg = Debug|Any CPU
		{8BE7C3EB-E41D-4361-BFC7-DED41E61E10F}.Debug|Any CPU.Build.0 = Debug|Any CPU
		{8BE7C3EB-E41D-4361-BFC7-DED41E61E10F}.Release|Any CPU.ActiveCfg = Release|Any CPU
		{8BE7C3EB-E41D-4361-BFC7-DED41E61E10F}.Release|Any CPU.Build.0 = Release|Any CPU
		{4A5859B2-9B85-4652-96A5-82842C2BCCCC}.Debug|Any CPU.ActiveCfg = Debug|Any CPU
		{4A5859B2-9B85-4652-96A5-82842C2BCCCC}.Debug|Any CPU.Build.0 = Debug|Any CPU
		{4A5859B2-9B85-4652-96A5-82842C2BCCCC}.Release|Any CPU.ActiveCfg = Release|Any CPU
		{4A5859B2-9B85-4652-96A5-82842C2BCCCC}.Release|Any CPU.Build.0 = Release|Any CPU
		{2C1F63C0-675E-4197-A4CF-39A2E7FA6506}.Debug|Any CPU.ActiveCfg = Debug|Any CPU
		{2C1F63C0-675E-4197-A4CF-39A2E7FA6506}.Debug|Any CPU.Build.0 = Debug|Any CPU
		{2C1F63C0-675E-4197-A4CF-39A2E7FA6506}.Release|Any CPU.ActiveCfg = Release|Any CPU
		{2C1F63C0-675E-4197-A4CF-39A2E7FA6506}.Release|Any CPU.Build.0 = Release|Any CPU
		{5FEC3ECA-F8BC-4164-AA1E-3C14796075DB}.Debug|Any CPU.ActiveCfg = Debug|Any CPU
		{5FEC3ECA-F8BC-4164-AA1E-3C14796075DB}.Debug|Any CPU.Build.0 = Debug|Any CPU
		{5FEC3ECA-F8BC-4164-AA1E-3C14796075DB}.Release|Any CPU.ActiveCfg = Release|Any CPU
		{5FEC3ECA-F8BC-4164-AA1E-3C14796075DB}.Release|Any CPU.Build.0 = Release|Any CPU
		{7D09B45A-661C-4C09-9196-5794CB45DE1A}.Debug|Any CPU.ActiveCfg = Debug|Any CPU
		{7D09B45A-661C-4C09-9196-5794CB45DE1A}.Debug|Any CPU.Build.0 = Debug|Any CPU
		{7D09B45A-661C-4C09-9196-5794CB45DE1A}.Release|Any CPU.ActiveCfg = Release|Any CPU
		{7D09B45A-661C-4C09-9196-5794CB45DE1A}.Release|Any CPU.Build.0 = Release|Any CPU
		{0E2D05C6-C345-4571-A0B4-46EAB1B61FA7}.Debug|Any CPU.ActiveCfg = Debug|Any CPU
		{0E2D05C6-C345-4571-A0B4-46EAB1B61FA7}.Debug|Any CPU.Build.0 = Debug|Any CPU
		{0E2D05C6-C345-4571-A0B4-46EAB1B61FA7}.Release|Any CPU.ActiveCfg = Release|Any CPU
		{0E2D05C6-C345-4571-A0B4-46EAB1B61FA7}.Release|Any CPU.Build.0 = Release|Any CPU
		{87981800-F83F-4F41-825A-F18CA4EE7F2A}.Debug|Any CPU.ActiveCfg = Debug|Any CPU
		{87981800-F83F-4F41-825A-F18CA4EE7F2A}.Debug|Any CPU.Build.0 = Debug|Any CPU
		{87981800-F83F-4F41-825A-F18CA4EE7F2A}.Release|Any CPU.ActiveCfg = Release|Any CPU
		{87981800-F83F-4F41-825A-F18CA4EE7F2A}.Release|Any CPU.Build.0 = Release|Any CPU
		{2B71E79B-461D-42AD-A362-C5E7D19F7518}.Debug|Any CPU.ActiveCfg = Debug|Any CPU
		{2B71E79B-461D-42AD-A362-C5E7D19F7518}.Debug|Any CPU.Build.0 = Debug|Any CPU
		{2B71E79B-461D-42AD-A362-C5E7D19F7518}.Release|Any CPU.ActiveCfg = Release|Any CPU
		{2B71E79B-461D-42AD-A362-C5E7D19F7518}.Release|Any CPU.Build.0 = Release|Any CPU
		{E33CDA29-BD2A-4470-B412-AAA5CD46EC91}.Debug|Any CPU.ActiveCfg = Debug|Any CPU
		{E33CDA29-BD2A-4470-B412-AAA5CD46EC91}.Debug|Any CPU.Build.0 = Debug|Any CPU
		{E33CDA29-BD2A-4470-B412-AAA5CD46EC91}.Release|Any CPU.ActiveCfg = Release|Any CPU
		{E33CDA29-BD2A-4470-B412-AAA5CD46EC91}.Release|Any CPU.Build.0 = Release|Any CPU
		{912414B1-BB3E-4C60-B7DC-C38DF84B2CD7}.Debug|Any CPU.ActiveCfg = Debug|Any CPU
		{912414B1-BB3E-4C60-B7DC-C38DF84B2CD7}.Debug|Any CPU.Build.0 = Debug|Any CPU
		{912414B1-BB3E-4C60-B7DC-C38DF84B2CD7}.Release|Any CPU.ActiveCfg = Release|Any CPU
		{912414B1-BB3E-4C60-B7DC-C38DF84B2CD7}.Release|Any CPU.Build.0 = Release|Any CPU
		{349DEEF8-CA29-4647-90FD-397B3013320E}.Debug|Any CPU.ActiveCfg = Debug|Any CPU
		{349DEEF8-CA29-4647-90FD-397B3013320E}.Debug|Any CPU.Build.0 = Debug|Any CPU
		{349DEEF8-CA29-4647-90FD-397B3013320E}.Release|Any CPU.ActiveCfg = Release|Any CPU
		{349DEEF8-CA29-4647-90FD-397B3013320E}.Release|Any CPU.Build.0 = Release|Any CPU
		{2BFACDC3-F44D-4199-8498-F5C3C4AC0335}.Debug|Any CPU.ActiveCfg = Debug|Any CPU
		{2BFACDC3-F44D-4199-8498-F5C3C4AC0335}.Debug|Any CPU.Build.0 = Debug|Any CPU
		{2BFACDC3-F44D-4199-8498-F5C3C4AC0335}.Release|Any CPU.ActiveCfg = Release|Any CPU
		{2BFACDC3-F44D-4199-8498-F5C3C4AC0335}.Release|Any CPU.Build.0 = Release|Any CPU
		{E461C0A8-8900-485C-B520-E929BA33F712}.Debug|Any CPU.ActiveCfg = Debug|Any CPU
		{E461C0A8-8900-485C-B520-E929BA33F712}.Debug|Any CPU.Build.0 = Debug|Any CPU
		{E461C0A8-8900-485C-B520-E929BA33F712}.Release|Any CPU.ActiveCfg = Release|Any CPU
		{E461C0A8-8900-485C-B520-E929BA33F712}.Release|Any CPU.Build.0 = Release|Any CPU
		{66E0E3EE-E29B-42AC-AE15-2B3D83C37DE2}.Debug|Any CPU.ActiveCfg = Debug|Any CPU
		{66E0E3EE-E29B-42AC-AE15-2B3D83C37DE2}.Debug|Any CPU.Build.0 = Debug|Any CPU
		{66E0E3EE-E29B-42AC-AE15-2B3D83C37DE2}.Release|Any CPU.ActiveCfg = Release|Any CPU
		{66E0E3EE-E29B-42AC-AE15-2B3D83C37DE2}.Release|Any CPU.Build.0 = Release|Any CPU
		{D6E7439A-6D49-4EB7-AECB-31827239921D}.Debug|Any CPU.ActiveCfg = Debug|Any CPU
		{D6E7439A-6D49-4EB7-AECB-31827239921D}.Debug|Any CPU.Build.0 = Debug|Any CPU
		{D6E7439A-6D49-4EB7-AECB-31827239921D}.Release|Any CPU.ActiveCfg = Release|Any CPU
		{D6E7439A-6D49-4EB7-AECB-31827239921D}.Release|Any CPU.Build.0 = Release|Any CPU
		{D73334C9-380F-48CB-9A8E-557D3BA7BB3E}.Debug|Any CPU.ActiveCfg = Debug|Any CPU
		{D73334C9-380F-48CB-9A8E-557D3BA7BB3E}.Debug|Any CPU.Build.0 = Debug|Any CPU
		{D73334C9-380F-48CB-9A8E-557D3BA7BB3E}.Release|Any CPU.ActiveCfg = Release|Any CPU
		{D73334C9-380F-48CB-9A8E-557D3BA7BB3E}.Release|Any CPU.Build.0 = Release|Any CPU
		{38FFAC97-FC2F-4B68-A31B-7E56A388E745}.Debug|Any CPU.ActiveCfg = Debug|Any CPU
		{38FFAC97-FC2F-4B68-A31B-7E56A388E745}.Debug|Any CPU.Build.0 = Debug|Any CPU
		{38FFAC97-FC2F-4B68-A31B-7E56A388E745}.Release|Any CPU.ActiveCfg = Release|Any CPU
		{38FFAC97-FC2F-4B68-A31B-7E56A388E745}.Release|Any CPU.Build.0 = Release|Any CPU
		{FC95E5E2-1066-44F7-B71F-310A4BDD6251}.Debug|Any CPU.ActiveCfg = Debug|Any CPU
		{FC95E5E2-1066-44F7-B71F-310A4BDD6251}.Debug|Any CPU.Build.0 = Debug|Any CPU
		{FC95E5E2-1066-44F7-B71F-310A4BDD6251}.Release|Any CPU.ActiveCfg = Release|Any CPU
		{FC95E5E2-1066-44F7-B71F-310A4BDD6251}.Release|Any CPU.Build.0 = Release|Any CPU
		{8A073CA1-A41C-4ED3-B2F0-DEBF297357A8}.Debug|Any CPU.ActiveCfg = Debug|Any CPU
		{8A073CA1-A41C-4ED3-B2F0-DEBF297357A8}.Debug|Any CPU.Build.0 = Debug|Any CPU
		{8A073CA1-A41C-4ED3-B2F0-DEBF297357A8}.Release|Any CPU.ActiveCfg = Release|Any CPU
		{8A073CA1-A41C-4ED3-B2F0-DEBF297357A8}.Release|Any CPU.Build.0 = Release|Any CPU
		{D36D2618-3546-40D6-AC4F-2FB42E1F5443}.Debug|Any CPU.ActiveCfg = Debug|Any CPU
		{D36D2618-3546-40D6-AC4F-2FB42E1F5443}.Debug|Any CPU.Build.0 = Debug|Any CPU
		{D36D2618-3546-40D6-AC4F-2FB42E1F5443}.Release|Any CPU.ActiveCfg = Release|Any CPU
		{D36D2618-3546-40D6-AC4F-2FB42E1F5443}.Release|Any CPU.Build.0 = Release|Any CPU
		{C818C6F7-3B89-44F9-AA15-14DFBFFFD204}.Debug|Any CPU.ActiveCfg = Debug|Any CPU
		{C818C6F7-3B89-44F9-AA15-14DFBFFFD204}.Debug|Any CPU.Build.0 = Debug|Any CPU
		{C818C6F7-3B89-44F9-AA15-14DFBFFFD204}.Release|Any CPU.ActiveCfg = Release|Any CPU
		{C818C6F7-3B89-44F9-AA15-14DFBFFFD204}.Release|Any CPU.Build.0 = Release|Any CPU
		{889DB3BC-ECDE-4DBD-A615-D19684922B17}.Debug|Any CPU.ActiveCfg = Debug|Any CPU
		{889DB3BC-ECDE-4DBD-A615-D19684922B17}.Debug|Any CPU.Build.0 = Debug|Any CPU
		{889DB3BC-ECDE-4DBD-A615-D19684922B17}.Release|Any CPU.ActiveCfg = Release|Any CPU
		{889DB3BC-ECDE-4DBD-A615-D19684922B17}.Release|Any CPU.Build.0 = Release|Any CPU
		{2537F2CF-6578-4FDB-A0F8-7BA8152C8394}.Debug|Any CPU.ActiveCfg = Debug|Any CPU
		{2537F2CF-6578-4FDB-A0F8-7BA8152C8394}.Debug|Any CPU.Build.0 = Debug|Any CPU
		{2537F2CF-6578-4FDB-A0F8-7BA8152C8394}.Release|Any CPU.ActiveCfg = Release|Any CPU
		{2537F2CF-6578-4FDB-A0F8-7BA8152C8394}.Release|Any CPU.Build.0 = Release|Any CPU
		{FF02E371-045C-47F6-B17C-E060BE0C7DD4}.Debug|Any CPU.ActiveCfg = Debug|Any CPU
		{FF02E371-045C-47F6-B17C-E060BE0C7DD4}.Debug|Any CPU.Build.0 = Debug|Any CPU
		{FF02E371-045C-47F6-B17C-E060BE0C7DD4}.Release|Any CPU.ActiveCfg = Release|Any CPU
		{FF02E371-045C-47F6-B17C-E060BE0C7DD4}.Release|Any CPU.Build.0 = Release|Any CPU
		{74F7268B-0FE0-4CE1-8209-D18B661414AC}.Debug|Any CPU.ActiveCfg = Debug|Any CPU
		{74F7268B-0FE0-4CE1-8209-D18B661414AC}.Debug|Any CPU.Build.0 = Debug|Any CPU
		{74F7268B-0FE0-4CE1-8209-D18B661414AC}.Release|Any CPU.ActiveCfg = Release|Any CPU
		{74F7268B-0FE0-4CE1-8209-D18B661414AC}.Release|Any CPU.Build.0 = Release|Any CPU
		{3DCE91CD-BD7C-4821-A98C-4D8A6BAF7144}.Debug|Any CPU.ActiveCfg = Debug|Any CPU
		{3DCE91CD-BD7C-4821-A98C-4D8A6BAF7144}.Debug|Any CPU.Build.0 = Debug|Any CPU
		{3DCE91CD-BD7C-4821-A98C-4D8A6BAF7144}.Release|Any CPU.ActiveCfg = Release|Any CPU
		{3DCE91CD-BD7C-4821-A98C-4D8A6BAF7144}.Release|Any CPU.Build.0 = Release|Any CPU
		{7E4AABBB-85CC-4FD1-A4F2-F3140DF5E959}.Debug|Any CPU.ActiveCfg = Debug|Any CPU
		{7E4AABBB-85CC-4FD1-A4F2-F3140DF5E959}.Debug|Any CPU.Build.0 = Debug|Any CPU
		{7E4AABBB-85CC-4FD1-A4F2-F3140DF5E959}.Release|Any CPU.ActiveCfg = Release|Any CPU
		{7E4AABBB-85CC-4FD1-A4F2-F3140DF5E959}.Release|Any CPU.Build.0 = Release|Any CPU
		{422B612B-612E-4DFC-A3B5-5791FB23D700}.Debug|Any CPU.ActiveCfg = Debug|Any CPU
		{422B612B-612E-4DFC-A3B5-5791FB23D700}.Debug|Any CPU.Build.0 = Debug|Any CPU
		{422B612B-612E-4DFC-A3B5-5791FB23D700}.Release|Any CPU.ActiveCfg = Release|Any CPU
		{422B612B-612E-4DFC-A3B5-5791FB23D700}.Release|Any CPU.Build.0 = Release|Any CPU
		{33189A2C-F58A-4930-98BD-232E3427463E}.Debug|Any CPU.ActiveCfg = Debug|Any CPU
		{33189A2C-F58A-4930-98BD-232E3427463E}.Debug|Any CPU.Build.0 = Debug|Any CPU
		{33189A2C-F58A-4930-98BD-232E3427463E}.Release|Any CPU.ActiveCfg = Release|Any CPU
		{33189A2C-F58A-4930-98BD-232E3427463E}.Release|Any CPU.Build.0 = Release|Any CPU
		{CF6F404C-48FC-47BD-AFC7-788D2B872671}.Debug|Any CPU.ActiveCfg = Debug|Any CPU
		{CF6F404C-48FC-47BD-AFC7-788D2B872671}.Debug|Any CPU.Build.0 = Debug|Any CPU
		{CF6F404C-48FC-47BD-AFC7-788D2B872671}.Release|Any CPU.ActiveCfg = Release|Any CPU
		{CF6F404C-48FC-47BD-AFC7-788D2B872671}.Release|Any CPU.Build.0 = Release|Any CPU
		{9780F59E-EE04-47ED-BCC5-DE7E8341ABA0}.Debug|Any CPU.ActiveCfg = Debug|Any CPU
		{9780F59E-EE04-47ED-BCC5-DE7E8341ABA0}.Debug|Any CPU.Build.0 = Debug|Any CPU
		{9780F59E-EE04-47ED-BCC5-DE7E8341ABA0}.Release|Any CPU.ActiveCfg = Release|Any CPU
		{9780F59E-EE04-47ED-BCC5-DE7E8341ABA0}.Release|Any CPU.Build.0 = Release|Any CPU
		{47A8751B-1916-453F-B1AD-09837081C8CD}.Debug|Any CPU.ActiveCfg = Debug|Any CPU
		{47A8751B-1916-453F-B1AD-09837081C8CD}.Debug|Any CPU.Build.0 = Debug|Any CPU
		{47A8751B-1916-453F-B1AD-09837081C8CD}.Release|Any CPU.ActiveCfg = Release|Any CPU
		{47A8751B-1916-453F-B1AD-09837081C8CD}.Release|Any CPU.Build.0 = Release|Any CPU
		{1426DD0A-7CD6-4337-B22F-C63789F64651}.Debug|Any CPU.ActiveCfg = Debug|Any CPU
		{1426DD0A-7CD6-4337-B22F-C63789F64651}.Debug|Any CPU.Build.0 = Debug|Any CPU
		{1426DD0A-7CD6-4337-B22F-C63789F64651}.Release|Any CPU.ActiveCfg = Release|Any CPU
		{1426DD0A-7CD6-4337-B22F-C63789F64651}.Release|Any CPU.Build.0 = Release|Any CPU
		{A80971C4-52C2-42A8-A795-E8B6D8F155BB}.Debug|Any CPU.ActiveCfg = Debug|Any CPU
		{A80971C4-52C2-42A8-A795-E8B6D8F155BB}.Debug|Any CPU.Build.0 = Debug|Any CPU
		{A80971C4-52C2-42A8-A795-E8B6D8F155BB}.Release|Any CPU.ActiveCfg = Release|Any CPU
		{A80971C4-52C2-42A8-A795-E8B6D8F155BB}.Release|Any CPU.Build.0 = Release|Any CPU
		{5DA89582-6EFB-4188-BDB2-932D5BBDAF45}.Debug|Any CPU.ActiveCfg = Debug|Any CPU
		{5DA89582-6EFB-4188-BDB2-932D5BBDAF45}.Debug|Any CPU.Build.0 = Debug|Any CPU
		{5DA89582-6EFB-4188-BDB2-932D5BBDAF45}.Release|Any CPU.ActiveCfg = Release|Any CPU
		{5DA89582-6EFB-4188-BDB2-932D5BBDAF45}.Release|Any CPU.Build.0 = Release|Any CPU
		{CF2DA697-8A39-495E-AE2C-BB3E91A13BE5}.Debug|Any CPU.ActiveCfg = Debug|Any CPU
		{CF2DA697-8A39-495E-AE2C-BB3E91A13BE5}.Debug|Any CPU.Build.0 = Debug|Any CPU
		{CF2DA697-8A39-495E-AE2C-BB3E91A13BE5}.Release|Any CPU.ActiveCfg = Release|Any CPU
		{CF2DA697-8A39-495E-AE2C-BB3E91A13BE5}.Release|Any CPU.Build.0 = Release|Any CPU
		{7F08455B-FF19-4C8E-8D57-EBD4FFAF8119}.Debug|Any CPU.ActiveCfg = Debug|Any CPU
		{7F08455B-FF19-4C8E-8D57-EBD4FFAF8119}.Debug|Any CPU.Build.0 = Debug|Any CPU
		{7F08455B-FF19-4C8E-8D57-EBD4FFAF8119}.Release|Any CPU.ActiveCfg = Release|Any CPU
		{7F08455B-FF19-4C8E-8D57-EBD4FFAF8119}.Release|Any CPU.Build.0 = Release|Any CPU
		{4706F77C-A7C7-41AC-81D9-2A3587FA612A}.Debug|Any CPU.ActiveCfg = Debug|Any CPU
		{4706F77C-A7C7-41AC-81D9-2A3587FA612A}.Debug|Any CPU.Build.0 = Debug|Any CPU
		{4706F77C-A7C7-41AC-81D9-2A3587FA612A}.Release|Any CPU.ActiveCfg = Release|Any CPU
		{4706F77C-A7C7-41AC-81D9-2A3587FA612A}.Release|Any CPU.Build.0 = Release|Any CPU
		{3215D3BF-EB35-41E7-A7F9-50AF0968DAF9}.Debug|Any CPU.ActiveCfg = Debug|Any CPU
		{3215D3BF-EB35-41E7-A7F9-50AF0968DAF9}.Debug|Any CPU.Build.0 = Debug|Any CPU
		{3215D3BF-EB35-41E7-A7F9-50AF0968DAF9}.Release|Any CPU.ActiveCfg = Release|Any CPU
		{3215D3BF-EB35-41E7-A7F9-50AF0968DAF9}.Release|Any CPU.Build.0 = Release|Any CPU
	EndGlobalSection
	GlobalSection(SolutionProperties) = preSolution
		HideSolutionNode = FALSE
	EndGlobalSection
	GlobalSection(NestedProjects) = preSolution
		{13001123-3233-4D03-8783-8668D3B21878} = {8B00C031-172B-4A77-A0AD-9907CFA9FC8F}
		{4D90CBC0-8BAB-4468-9588-76C611D62A4B} = {8B00C031-172B-4A77-A0AD-9907CFA9FC8F}
		{B1DD9755-DBC4-4B38-9436-99AF5A00D21C} = {8B00C031-172B-4A77-A0AD-9907CFA9FC8F}
		{B0EAF26D-BFD9-4911-BCD0-E7D4A3503AEF} = {8B00C031-172B-4A77-A0AD-9907CFA9FC8F}
		{81943109-CAE0-4176-9EE8-84F0BD8D971F} = {8B00C031-172B-4A77-A0AD-9907CFA9FC8F}
		{7DF0D20A-F235-4364-9C8C-E47641B86541} = {94103F4F-C5AA-4C6F-9841-EDE7DF8B5045}
		{67E04789-4022-4F35-B43E-8FA2D49AAC61} = {94103F4F-C5AA-4C6F-9841-EDE7DF8B5045}
		{EAB0B565-AA47-416C-A8F0-A8BDF8762B63} = {94103F4F-C5AA-4C6F-9841-EDE7DF8B5045}
		{CDA5F36A-29A7-43A3-B5BE-4A544C49E63A} = {94103F4F-C5AA-4C6F-9841-EDE7DF8B5045}
		{29240FBF-E09F-42FC-BB29-75600A972D12} = {6C4DB8A2-5218-43BF-9C7B-A286664D325E}
		{8BE7C3EB-E41D-4361-BFC7-DED41E61E10F} = {6C4DB8A2-5218-43BF-9C7B-A286664D325E}
		{4A5859B2-9B85-4652-96A5-82842C2BCCCC} = {B146CADD-5406-44E2-8E0B-38DD7BBE0347}
		{2C1F63C0-675E-4197-A4CF-39A2E7FA6506} = {B146CADD-5406-44E2-8E0B-38DD7BBE0347}
		{5FEC3ECA-F8BC-4164-AA1E-3C14796075DB} = {B146CADD-5406-44E2-8E0B-38DD7BBE0347}
		{7D09B45A-661C-4C09-9196-5794CB45DE1A} = {B146CADD-5406-44E2-8E0B-38DD7BBE0347}
		{0E2D05C6-C345-4571-A0B4-46EAB1B61FA7} = {D5FFEC97-3BA4-42AD-8706-B0ECE4A04E44}
		{87981800-F83F-4F41-825A-F18CA4EE7F2A} = {D5FFEC97-3BA4-42AD-8706-B0ECE4A04E44}
		{2B71E79B-461D-42AD-A362-C5E7D19F7518} = {F563BA5A-1DA0-450A-83E0-C12422ED7EC8}
		{E33CDA29-BD2A-4470-B412-AAA5CD46EC91} = {F563BA5A-1DA0-450A-83E0-C12422ED7EC8}
		{912414B1-BB3E-4C60-B7DC-C38DF84B2CD7} = {F563BA5A-1DA0-450A-83E0-C12422ED7EC8}
		{349DEEF8-CA29-4647-90FD-397B3013320E} = {F563BA5A-1DA0-450A-83E0-C12422ED7EC8}
		{2BFACDC3-F44D-4199-8498-F5C3C4AC0335} = {7098B7A1-6847-4F46-A1C3-196BD4D0365D}
		{E461C0A8-8900-485C-B520-E929BA33F712} = {7098B7A1-6847-4F46-A1C3-196BD4D0365D}
		{66E0E3EE-E29B-42AC-AE15-2B3D83C37DE2} = {AEC33C9F-D8A2-4EFC-B9D3-E9E3ED48F475}
		{D6E7439A-6D49-4EB7-AECB-31827239921D} = {AEC33C9F-D8A2-4EFC-B9D3-E9E3ED48F475}
		{D73334C9-380F-48CB-9A8E-557D3BA7BB3E} = {AEC33C9F-D8A2-4EFC-B9D3-E9E3ED48F475}
		{38FFAC97-FC2F-4B68-A31B-7E56A388E745} = {328B878D-EAB1-4685-BA0F-F34D98B12683}
		{FC95E5E2-1066-44F7-B71F-310A4BDD6251} = {328B878D-EAB1-4685-BA0F-F34D98B12683}
		{8A073CA1-A41C-4ED3-B2F0-DEBF297357A8} = {328B878D-EAB1-4685-BA0F-F34D98B12683}
		{D36D2618-3546-40D6-AC4F-2FB42E1F5443} = {328B878D-EAB1-4685-BA0F-F34D98B12683}
		{C818C6F7-3B89-44F9-AA15-14DFBFFFD204} = {02C11A28-C8D8-425A-B928-A9E05343E9DE}
		{889DB3BC-ECDE-4DBD-A615-D19684922B17} = {1ACDB98F-FAC2-4175-9413-4B4AC586FD87}
		{2537F2CF-6578-4FDB-A0F8-7BA8152C8394} = {27E1C8D0-D44E-440A-AC73-17FFC0ADCC19}
		{49FB5692-DA84-4ED2-8D1E-4EAD77056131} = {27E1C8D0-D44E-440A-AC73-17FFC0ADCC19}
		{FF02E371-045C-47F6-B17C-E060BE0C7DD4} = {49FB5692-DA84-4ED2-8D1E-4EAD77056131}
		{74F7268B-0FE0-4CE1-8209-D18B661414AC} = {49FB5692-DA84-4ED2-8D1E-4EAD77056131}
		{3DCE91CD-BD7C-4821-A98C-4D8A6BAF7144} = {49FB5692-DA84-4ED2-8D1E-4EAD77056131}
		{96BC6A44-5517-4ADE-8F09-E28E7E857369} = {27E1C8D0-D44E-440A-AC73-17FFC0ADCC19}
		{7E4AABBB-85CC-4FD1-A4F2-F3140DF5E959} = {96BC6A44-5517-4ADE-8F09-E28E7E857369}
		{422B612B-612E-4DFC-A3B5-5791FB23D700} = {D59D8D4B-2034-4638-A8AF-E232F62DFBD5}
		{33189A2C-F58A-4930-98BD-232E3427463E} = {D59D8D4B-2034-4638-A8AF-E232F62DFBD5}
		{CF6F404C-48FC-47BD-AFC7-788D2B872671} = {C5C12C22-963E-46AE-A114-FE014B862CA6}
		{9780F59E-EE04-47ED-BCC5-DE7E8341ABA0} = {00F0B2BD-4ADC-4E52-B988-6EEFC5926A83}
		{47A8751B-1916-453F-B1AD-09837081C8CD} = {00F0B2BD-4ADC-4E52-B988-6EEFC5926A83}
		{1426DD0A-7CD6-4337-B22F-C63789F64651} = {A50BE5AA-C2CF-441C-8602-7572544E8C5C}
		{A80971C4-52C2-42A8-A795-E8B6D8F155BB} = {A50BE5AA-C2CF-441C-8602-7572544E8C5C}
		{5DA89582-6EFB-4188-BDB2-932D5BBDAF45} = {A50BE5AA-C2CF-441C-8602-7572544E8C5C}
		{CF2DA697-8A39-495E-AE2C-BB3E91A13BE5} = {A50BE5AA-C2CF-441C-8602-7572544E8C5C}
		{7F08455B-FF19-4C8E-8D57-EBD4FFAF8119} = {A50BE5AA-C2CF-441C-8602-7572544E8C5C}
		{4706F77C-A7C7-41AC-81D9-2A3587FA612A} = {BEEBBC73-8D58-4070-8278-FEA5600A7588}
		{3215D3BF-EB35-41E7-A7F9-50AF0968DAF9} = {BEEBBC73-8D58-4070-8278-FEA5600A7588}
	EndGlobalSection
	GlobalSection(ExtensibilityGlobals) = postSolution
		SolutionGuid = {B1EA921C-810E-4716-A75C-C7E515900697}
	EndGlobalSection
EndGlobal
